
Microsoft Visual Studio Solution File, Format Version 12.00
# Visual Studio Version 17
VisualStudioVersion = 17.5.002.0
MinimumVisualStudioVersion = 10.0.40219.1
Project("{2150E333-8FDC-42A3-9474-1A3956D46DE8}") = "Labfiles", "Labfiles", "{AECEFC1A-B3C1-403F-92AD-C3E641D31000}"
EndProject
Project("{2150E333-8FDC-42A3-9474-1A3956D46DE8}") = "01-analyze-text", "01-analyze-text", "{78B0C602-220D-48CC-AE0A-D1A1854909DD}"
EndProject
Project("{2150E333-8FDC-42A3-9474-1A3956D46DE8}") = "C-Sharp", "C-Sharp", "{35D7F96E-8E99-4479-B22A-80FD274401E4}"
EndProject
Project("{9A19103F-16F7-4668-BE54-9A1E7A4F7556}") = "text-analysis", "Labfiles\01-analyze-text\C-Sharp\text-analysis\text-analysis.csproj", "{AB64BEDB-0944-4E3C-A6DA-843D6C3F4A75}"
EndProject
Project("{2150E333-8FDC-42A3-9474-1A3956D46DE8}") = "02-qna", "02-qna", "{8F4E7493-F4C0-46FA-9205-2C53A4E09EA4}"
EndProject
Project("{2150E333-8FDC-42A3-9474-1A3956D46DE8}") = "C-Sharp", "C-Sharp", "{6EE7E3D6-DB5C-49E3-98FF-1CC568F307D8}"
EndProject
Project("{9A19103F-16F7-4668-BE54-9A1E7A4F7556}") = "qna-app", "Labfiles\02-qna\C-Sharp\qna-app\qna-app.csproj", "{AC4E73FA-4EDB-457D-89F4-E45BABA8FBF3}"
EndProject
Project("{2150E333-8FDC-42A3-9474-1A3956D46DE8}") = "03-language", "03-language", "{89111C37-047C-45ED-896E-9675040327E2}"
EndProject
Project("{2150E333-8FDC-42A3-9474-1A3956D46DE8}") = "C-Sharp", "C-Sharp", "{37004E93-D823-4218-A0A6-458A551211AE}"
EndProject
Project("{9A19103F-16F7-4668-BE54-9A1E7A4F7556}") = "clock_client", "Labfiles\03-language\C-Sharp\clock-client\clock_client.csproj", "{E12A6E6E-B7E0-4B1A-A572-42E6678D78CD}"
EndProject
Project("{2150E333-8FDC-42A3-9474-1A3956D46DE8}") = "04-text-classification", "04-text-classification", "{F652D4C4-8E89-41EB-AFA7-EE5FA08E6B0B}"
EndProject
Project("{2150E333-8FDC-42A3-9474-1A3956D46DE8}") = "C-Sharp", "C-Sharp", "{6BD3B1DA-9304-45FC-9C0F-D73C468298BB}"
EndProject
Project("{9A19103F-16F7-4668-BE54-9A1E7A4F7556}") = "classify-text", "Labfiles\04-text-classification\C-Sharp\classify-text\classify-text.csproj", "{3A926377-F76C-486B-8D8F-05ED61F187D1}"
EndProject
Project("{2150E333-8FDC-42A3-9474-1A3956D46DE8}") = "05-custom-entity-recognition", "05-custom-entity-recognition", "{C51AD2C3-3A3E-4170-A5AD-973235A1B614}"
EndProject
Project("{2150E333-8FDC-42A3-9474-1A3956D46DE8}") = "C-Sharp", "C-Sharp", "{9442BC85-8001-4665-BC19-7E743DC5ADE6}"
EndProject
Project("{9A19103F-16F7-4668-BE54-9A1E7A4F7556}") = "custom-entities", "Labfiles\05-custom-entity-recognition\C-Sharp\custom-entities\custom-entities.csproj", "{77D662DE-8D6A-4F25-9E35-2297F8E2B86E}"
EndProject
Project("{2150E333-8FDC-42A3-9474-1A3956D46DE8}") = "06-translate-text", "06-translate-text", "{B5ABE441-49A4-4432-9DBA-71F2519ED5EB}"
EndProject
Project("{2150E333-8FDC-42A3-9474-1A3956D46DE8}") = "C-Sharp", "C-Sharp", "{73B9ACB9-044A-494E-BD43-BCC0E5DBD1EA}"
EndProject
Project("{9A19103F-16F7-4668-BE54-9A1E7A4F7556}") = "translate_text", "Labfiles\06-translate-text\C-Sharp\text-translation\translate_text.csproj", "{EBEB0623-E08A-4BE3-A544-057E34A7199D}"
EndProject
Project("{2150E333-8FDC-42A3-9474-1A3956D46DE8}") = "06b-translator-sdk", "06b-translator-sdk", "{BACDBDDE-25A5-4033-8AB6-EB51B5E9AEAE}"
EndProject
Project("{2150E333-8FDC-42A3-9474-1A3956D46DE8}") = "C-Sharp", "C-Sharp", "{1751942F-C5D6-42F4-AE5A-188CD4B7D6FC}"
EndProject
Project("{9A19103F-16F7-4668-BE54-9A1E7A4F7556}") = "translate_text", "Labfiles\06b-translator-sdk\C-Sharp\translate-text\translate_text.csproj", "{6B1F990A-FF66-4DBA-A3B3-5DABED4F8DD3}"
EndProject
Project("{2150E333-8FDC-42A3-9474-1A3956D46DE8}") = "07-speech", "07-speech", "{47CD00E5-B0CE-4A5F-90B5-A76C383AA286}"
EndProject
Project("{2150E333-8FDC-42A3-9474-1A3956D46DE8}") = "C-Sharp", "C-Sharp", "{0FED00F6-F142-415D-A068-3C67F6D4C994}"
EndProject
Project("{9A19103F-16F7-4668-BE54-9A1E7A4F7556}") = "speaking-clock", "Labfiles\07-speech\C-Sharp\speaking-clock\speaking-clock.csproj", "{7D1A5479-2983-492A-BA3F-5783B86EF343}"
EndProject
Project("{2150E333-8FDC-42A3-9474-1A3956D46DE8}") = "08-speech-translation", "08-speech-translation", "{A920C8E9-96AA-45C3-B836-930A09F2BEFD}"
EndProject
Project("{2150E333-8FDC-42A3-9474-1A3956D46DE8}") = "C-Sharp", "C-Sharp", "{2ECDE947-9371-419C-972F-EC37B3782890}"
EndProject
Project("{9A19103F-16F7-4668-BE54-9A1E7A4F7556}") = "translator", "Labfiles\08-speech-translation\C-Sharp\translator\translator.csproj", "{2D8BEF68-71C5-4875-96EE-A939805B29D1}"
EndProject
Global
	GlobalSection(SolutionConfigurationPlatforms) = preSolution
		Debug|Any CPU = Debug|Any CPU
		Release|Any CPU = Release|Any CPU
	EndGlobalSection
	GlobalSection(ProjectConfigurationPlatforms) = postSolution
		{AB64BEDB-0944-4E3C-A6DA-843D6C3F4A75}.Debug|Any CPU.ActiveCfg = Debug|Any CPU
		{AB64BEDB-0944-4E3C-A6DA-843D6C3F4A75}.Debug|Any CPU.Build.0 = Debug|Any CPU
		{AB64BEDB-0944-4E3C-A6DA-843D6C3F4A75}.Release|Any CPU.ActiveCfg = Release|Any CPU
		{AB64BEDB-0944-4E3C-A6DA-843D6C3F4A75}.Release|Any CPU.Build.0 = Release|Any CPU
		{AC4E73FA-4EDB-457D-89F4-E45BABA8FBF3}.Debug|Any CPU.ActiveCfg = Debug|Any CPU
		{AC4E73FA-4EDB-457D-89F4-E45BABA8FBF3}.Debug|Any CPU.Build.0 = Debug|Any CPU
		{AC4E73FA-4EDB-457D-89F4-E45BABA8FBF3}.Release|Any CPU.ActiveCfg = Release|Any CPU
		{AC4E73FA-4EDB-457D-89F4-E45BABA8FBF3}.Release|Any CPU.Build.0 = Release|Any CPU
		{E12A6E6E-B7E0-4B1A-A572-42E6678D78CD}.Debug|Any CPU.ActiveCfg = Debug|Any CPU
		{E12A6E6E-B7E0-4B1A-A572-42E6678D78CD}.Debug|Any CPU.Build.0 = Debug|Any CPU
		{E12A6E6E-B7E0-4B1A-A572-42E6678D78CD}.Release|Any CPU.ActiveCfg = Release|Any CPU
		{E12A6E6E-B7E0-4B1A-A572-42E6678D78CD}.Release|Any CPU.Build.0 = Release|Any CPU
		{3A926377-F76C-486B-8D8F-05ED61F187D1}.Debug|Any CPU.ActiveCfg = Debug|Any CPU
		{3A926377-F76C-486B-8D8F-05ED61F187D1}.Debug|Any CPU.Build.0 = Debug|Any CPU
		{3A926377-F76C-486B-8D8F-05ED61F187D1}.Release|Any CPU.ActiveCfg = Release|Any CPU
		{3A926377-F76C-486B-8D8F-05ED61F187D1}.Release|Any CPU.Build.0 = Release|Any CPU
		{77D662DE-8D6A-4F25-9E35-2297F8E2B86E}.Debug|Any CPU.ActiveCfg = Debug|Any CPU
		{77D662DE-8D6A-4F25-9E35-2297F8E2B86E}.Debug|Any CPU.Build.0 = Debug|Any CPU
		{77D662DE-8D6A-4F25-9E35-2297F8E2B86E}.Release|Any CPU.ActiveCfg = Release|Any CPU
		{77D662DE-8D6A-4F25-9E35-2297F8E2B86E}.Release|Any CPU.Build.0 = Release|Any CPU
		{EBEB0623-E08A-4BE3-A544-057E34A7199D}.Debug|Any CPU.ActiveCfg = Debug|Any CPU
		{EBEB0623-E08A-4BE3-A544-057E34A7199D}.Debug|Any CPU.Build.0 = Debug|Any CPU
		{EBEB0623-E08A-4BE3-A544-057E34A7199D}.Release|Any CPU.ActiveCfg = Release|Any CPU
		{EBEB0623-E08A-4BE3-A544-057E34A7199D}.Release|Any CPU.Build.0 = Release|Any CPU
		{6B1F990A-FF66-4DBA-A3B3-5DABED4F8DD3}.Debug|Any CPU.ActiveCfg = Debug|Any CPU
		{6B1F990A-FF66-4DBA-A3B3-5DABED4F8DD3}.Debug|Any CPU.Build.0 = Debug|Any CPU
		{6B1F990A-FF66-4DBA-A3B3-5DABED4F8DD3}.Release|Any CPU.ActiveCfg = Release|Any CPU
		{6B1F990A-FF66-4DBA-A3B3-5DABED4F8DD3}.Release|Any CPU.Build.0 = Release|Any CPU
		{7D1A5479-2983-492A-BA3F-5783B86EF343}.Debug|Any CPU.ActiveCfg = Debug|Any CPU
		{7D1A5479-2983-492A-BA3F-5783B86EF343}.Debug|Any CPU.Build.0 = Debug|Any CPU
		{7D1A5479-2983-492A-BA3F-5783B86EF343}.Release|Any CPU.ActiveCfg = Release|Any CPU
		{7D1A5479-2983-492A-BA3F-5783B86EF343}.Release|Any CPU.Build.0 = Release|Any CPU
		{2D8BEF68-71C5-4875-96EE-A939805B29D1}.Debug|Any CPU.ActiveCfg = Debug|Any CPU
		{2D8BEF68-71C5-4875-96EE-A939805B29D1}.Debug|Any CPU.Build.0 = Debug|Any CPU
		{2D8BEF68-71C5-4875-96EE-A939805B29D1}.Release|Any CPU.ActiveCfg = Release|Any CPU
		{2D8BEF68-71C5-4875-96EE-A939805B29D1}.Release|Any CPU.Build.0 = Release|Any CPU
	EndGlobalSection
	GlobalSection(SolutionProperties) = preSolution
		HideSolutionNode = FALSE
	EndGlobalSection
	GlobalSection(NestedProjects) = preSolution
		{78B0C602-220D-48CC-AE0A-D1A1854909DD} = {AECEFC1A-B3C1-403F-92AD-C3E641D31000}
		{35D7F96E-8E99-4479-B22A-80FD274401E4} = {78B0C602-220D-48CC-AE0A-D1A1854909DD}
		{AB64BEDB-0944-4E3C-A6DA-843D6C3F4A75} = {35D7F96E-8E99-4479-B22A-80FD274401E4}
		{8F4E7493-F4C0-46FA-9205-2C53A4E09EA4} = {AECEFC1A-B3C1-403F-92AD-C3E641D31000}
		{6EE7E3D6-DB5C-49E3-98FF-1CC568F307D8} = {8F4E7493-F4C0-46FA-9205-2C53A4E09EA4}
		{AC4E73FA-4EDB-457D-89F4-E45BABA8FBF3} = {6EE7E3D6-DB5C-49E3-98FF-1CC568F307D8}
		{89111C37-047C-45ED-896E-9675040327E2} = {AECEFC1A-B3C1-403F-92AD-C3E641D31000}
		{37004E93-D823-4218-A0A6-458A551211AE} = {89111C37-047C-45ED-896E-9675040327E2}
		{E12A6E6E-B7E0-4B1A-A572-42E6678D78CD} = {37004E93-D823-4218-A0A6-458A551211AE}
		{F652D4C4-8E89-41EB-AFA7-EE5FA08E6B0B} = {AECEFC1A-B3C1-403F-92AD-C3E641D31000}
		{6BD3B1DA-9304-45FC-9C0F-D73C468298BB} = {F652D4C4-8E89-41EB-AFA7-EE5FA08E6B0B}
		{3A926377-F76C-486B-8D8F-05ED61F187D1} = {6BD3B1DA-9304-45FC-9C0F-D73C468298BB}
		{C51AD2C3-3A3E-4170-A5AD-973235A1B614} = {AECEFC1A-B3C1-403F-92AD-C3E641D31000}
		{9442BC85-8001-4665-BC19-7E743DC5ADE6} = {C51AD2C3-3A3E-4170-A5AD-973235A1B614}
		{77D662DE-8D6A-4F25-9E35-2297F8E2B86E} = {9442BC85-8001-4665-BC19-7E743DC5ADE6}
		{B5ABE441-49A4-4432-9DBA-71F2519ED5EB} = {AECEFC1A-B3C1-403F-92AD-C3E641D31000}
		{73B9ACB9-044A-494E-BD43-BCC0E5DBD1EA} = {B5ABE441-49A4-4432-9DBA-71F2519ED5EB}
		{EBEB0623-E08A-4BE3-A544-057E34A7199D} = {73B9ACB9-044A-494E-BD43-BCC0E5DBD1EA}
		{BACDBDDE-25A5-4033-8AB6-EB51B5E9AEAE} = {AECEFC1A-B3C1-403F-92AD-C3E641D31000}
		{1751942F-C5D6-42F4-AE5A-188CD4B7D6FC} = {BACDBDDE-25A5-4033-8AB6-EB51B5E9AEAE}
		{6B1F990A-FF66-4DBA-A3B3-5DABED4F8DD3} = {1751942F-C5D6-42F4-AE5A-188CD4B7D6FC}
		{47CD00E5-B0CE-4A5F-90B5-A76C383AA286} = {AECEFC1A-B3C1-403F-92AD-C3E641D31000}
		{0FED00F6-F142-415D-A068-3C67F6D4C994} = {47CD00E5-B0CE-4A5F-90B5-A76C383AA286}
		{7D1A5479-2983-492A-BA3F-5783B86EF343} = {0FED00F6-F142-415D-A068-3C67F6D4C994}
		{A920C8E9-96AA-45C3-B836-930A09F2BEFD} = {AECEFC1A-B3C1-403F-92AD-C3E641D31000}
		{2ECDE947-9371-419C-972F-EC37B3782890} = {A920C8E9-96AA-45C3-B836-930A09F2BEFD}
		{2D8BEF68-71C5-4875-96EE-A939805B29D1} = {2ECDE947-9371-419C-972F-EC37B3782890}
	EndGlobalSection
	GlobalSection(ExtensibilityGlobals) = postSolution
		SolutionGuid = {83376E1A-3B16-42C4-BC6C-242B712A38E8}
	EndGlobalSection
EndGlobal
